// !$*UTF8*$!
{
	archiveVersion = 1;
	classes = {
	};
	objectVersion = 50;
	objects = {

/* Begin PBXBuildFile section */
		531925B620BCEA8A002B8EBB /* TodoItem.swift in Sources */ = {isa = PBXBuildFile; fileRef = 531925B520BCEA8A002B8EBB /* TodoItem.swift */; };
		531925B920BD140F002B8EBB /* Extensions.swift in Sources */ = {isa = PBXBuildFile; fileRef = 531925B820BD140F002B8EBB /* Extensions.swift */; };
		531925BB20BD2371002B8EBB /* ColorScheme.swift in Sources */ = {isa = PBXBuildFile; fileRef = 531925BA20BD2371002B8EBB /* ColorScheme.swift */; };
		53CCEDEF20BCC7BA00FD3874 /* AppDelegate.swift in Sources */ = {isa = PBXBuildFile; fileRef = 53CCEDEE20BCC7BA00FD3874 /* AppDelegate.swift */; };
		53CCEDF420BCC7BA00FD3874 /* Main.storyboard in Resources */ = {isa = PBXBuildFile; fileRef = 53CCEDF220BCC7BA00FD3874 /* Main.storyboard */; };
		53CCEDF620BCC7BB00FD3874 /* Assets.xcassets in Resources */ = {isa = PBXBuildFile; fileRef = 53CCEDF520BCC7BB00FD3874 /* Assets.xcassets */; };
		53CCEDF920BCC7BB00FD3874 /* LaunchScreen.storyboard in Resources */ = {isa = PBXBuildFile; fileRef = 53CCEDF720BCC7BB00FD3874 /* LaunchScreen.storyboard */; };
		53CCEE0520BCC82A00FD3874 /* TodoList.storyboard in Resources */ = {isa = PBXBuildFile; fileRef = 53CCEE0420BCC82A00FD3874 /* TodoList.storyboard */; };
		53CCEE0720BCC87F00FD3874 /* TodoListController.swift in Sources */ = {isa = PBXBuildFile; fileRef = 53CCEE0620BCC87F00FD3874 /* TodoListController.swift */; };
		53CCEE0E20BCCBA100FD3874 /* TodoItemCell.swift in Sources */ = {isa = PBXBuildFile; fileRef = 53CCEE0C20BCCBA100FD3874 /* TodoItemCell.swift */; };
		53CCEE0F20BCCBA100FD3874 /* TodoItemCell.xib in Resources */ = {isa = PBXBuildFile; fileRef = 53CCEE0D20BCCBA100FD3874 /* TodoItemCell.xib */; };
/* End PBXBuildFile section */

/* Begin PBXFileReference section */
		531925B520BCEA8A002B8EBB /* TodoItem.swift */ = {isa = PBXFileReference; lastKnownFileType = sourcecode.swift; path = TodoItem.swift; sourceTree = "<group>"; };
		531925B820BD140F002B8EBB /* Extensions.swift */ = {isa = PBXFileReference; lastKnownFileType = sourcecode.swift; path = Extensions.swift; sourceTree = "<group>"; };
		531925BA20BD2371002B8EBB /* ColorScheme.swift */ = {isa = PBXFileReference; lastKnownFileType = sourcecode.swift; path = ColorScheme.swift; sourceTree = "<group>"; };
		53CCEDEB20BCC7BA00FD3874 /* Todoey.app */ = {isa = PBXFileReference; explicitFileType = wrapper.application; includeInIndex = 0; path = Todoey.app; sourceTree = BUILT_PRODUCTS_DIR; };
		53CCEDEE20BCC7BA00FD3874 /* AppDelegate.swift */ = {isa = PBXFileReference; lastKnownFileType = sourcecode.swift; path = AppDelegate.swift; sourceTree = "<group>"; };
		53CCEDF320BCC7BA00FD3874 /* Base */ = {isa = PBXFileReference; lastKnownFileType = file.storyboard; name = Base; path = Base.lproj/Main.storyboard; sourceTree = "<group>"; };
		53CCEDF520BCC7BB00FD3874 /* Assets.xcassets */ = {isa = PBXFileReference; lastKnownFileType = folder.assetcatalog; path = Assets.xcassets; sourceTree = "<group>"; };
		53CCEDF820BCC7BB00FD3874 /* Base */ = {isa = PBXFileReference; lastKnownFileType = file.storyboard; name = Base; path = Base.lproj/LaunchScreen.storyboard; sourceTree = "<group>"; };
		53CCEDFA20BCC7BB00FD3874 /* Info.plist */ = {isa = PBXFileReference; lastKnownFileType = text.plist.xml; path = Info.plist; sourceTree = "<group>"; };
		53CCEE0420BCC82A00FD3874 /* TodoList.storyboard */ = {isa = PBXFileReference; fileEncoding = 4; lastKnownFileType = file.storyboard; path = TodoList.storyboard; sourceTree = "<group>"; };
		53CCEE0620BCC87F00FD3874 /* TodoListController.swift */ = {isa = PBXFileReference; lastKnownFileType = sourcecode.swift; path = TodoListController.swift; sourceTree = "<group>"; };
		53CCEE0C20BCCBA100FD3874 /* TodoItemCell.swift */ = {isa = PBXFileReference; lastKnownFileType = sourcecode.swift; path = TodoItemCell.swift; sourceTree = "<group>"; };
		53CCEE0D20BCCBA100FD3874 /* TodoItemCell.xib */ = {isa = PBXFileReference; lastKnownFileType = file.xib; path = TodoItemCell.xib; sourceTree = "<group>"; };
/* End PBXFileReference section */

/* Begin PBXFrameworksBuildPhase section */
		53CCEDE820BCC7BA00FD3874 /* Frameworks */ = {
			isa = PBXFrameworksBuildPhase;
			buildActionMask = 2147483647;
			files = (
			);
			runOnlyForDeploymentPostprocessing = 0;
		};
/* End PBXFrameworksBuildPhase section */

/* Begin PBXGroup section */
		531925B720BD13E0002B8EBB /* Extensions */ = {
			isa = PBXGroup;
			children = (
				531925B820BD140F002B8EBB /* Extensions.swift */,
			);
			path = Extensions;
			sourceTree = "<group>";
		};
		53CCEDE220BCC7BA00FD3874 = {
			isa = PBXGroup;
			children = (
				53CCEDED20BCC7BA00FD3874 /* Todoey */,
				53CCEDEC20BCC7BA00FD3874 /* Products */,
			);
			sourceTree = "<group>";
		};
		53CCEDEC20BCC7BA00FD3874 /* Products */ = {
			isa = PBXGroup;
			children = (
				53CCEDEB20BCC7BA00FD3874 /* Todoey.app */,
			);
			name = Products;
			sourceTree = "<group>";
		};
		53CCEDED20BCC7BA00FD3874 /* Todoey */ = {
			isa = PBXGroup;
			children = (
				531925B720BD13E0002B8EBB /* Extensions */,
				53CCEE0220BCC7D600FD3874 /* Models */,
				53CCEE0120BCC7CD00FD3874 /* Controllers */,
				53CCEE0020BCC7C500FD3874 /* Views */,
				53CCEDF520BCC7BB00FD3874 /* Assets.xcassets */,
				53CCEDFA20BCC7BB00FD3874 /* Info.plist */,
			);
			path = Todoey;
			sourceTree = "<group>";
		};
		53CCEE0020BCC7C500FD3874 /* Views */ = {
			isa = PBXGroup;
			children = (
				53CCEE0320BCC7EA00FD3874 /* Custom Cells */,
				53CCEDF220BCC7BA00FD3874 /* Main.storyboard */,
				53CCEDF720BCC7BB00FD3874 /* LaunchScreen.storyboard */,
				53CCEE0420BCC82A00FD3874 /* TodoList.storyboard */,
			);
			path = Views;
			sourceTree = "<group>";
		};
		53CCEE0120BCC7CD00FD3874 /* Controllers */ = {
			isa = PBXGroup;
			children = (
				53CCEDEE20BCC7BA00FD3874 /* AppDelegate.swift */,
				53CCEE0620BCC87F00FD3874 /* TodoListController.swift */,
			);
			path = Controllers;
			sourceTree = "<group>";
		};
		53CCEE0220BCC7D600FD3874 /* Models */ = {
			isa = PBXGroup;
			children = (
				531925B520BCEA8A002B8EBB /* TodoItem.swift */,
				531925BA20BD2371002B8EBB /* ColorScheme.swift */,
			);
			path = Models;
			sourceTree = "<group>";
		};
		53CCEE0320BCC7EA00FD3874 /* Custom Cells */ = {
			isa = PBXGroup;
			children = (
				53CCEE0B20BCCB6C00FD3874 /* TodoItemCell */,
			);
			path = "Custom Cells";
			sourceTree = "<group>";
		};
		53CCEE0B20BCCB6C00FD3874 /* TodoItemCell */ = {
			isa = PBXGroup;
			children = (
				53CCEE0C20BCCBA100FD3874 /* TodoItemCell.swift */,
				53CCEE0D20BCCBA100FD3874 /* TodoItemCell.xib */,
			);
			path = TodoItemCell;
			sourceTree = "<group>";
		};
/* End PBXGroup section */

/* Begin PBXNativeTarget section */
		53CCEDEA20BCC7BA00FD3874 /* Todoey */ = {
			isa = PBXNativeTarget;
			buildConfigurationList = 53CCEDFD20BCC7BB00FD3874 /* Build configuration list for PBXNativeTarget "Todoey" */;
			buildPhases = (
				53CCEDE720BCC7BA00FD3874 /* Sources */,
				53CCEDE820BCC7BA00FD3874 /* Frameworks */,
				53CCEDE920BCC7BA00FD3874 /* Resources */,
			);
			buildRules = (
			);
			dependencies = (
			);
			name = Todoey;
			productName = Todoey;
			productReference = 53CCEDEB20BCC7BA00FD3874 /* Todoey.app */;
			productType = "com.apple.product-type.application";
		};
/* End PBXNativeTarget section */

/* Begin PBXProject section */
		53CCEDE320BCC7BA00FD3874 /* Project object */ = {
			isa = PBXProject;
			attributes = {
				LastSwiftUpdateCheck = 0930;
				LastUpgradeCheck = 0930;
				ORGANIZATIONNAME = "Andres Vazquez";
				TargetAttributes = {
					53CCEDEA20BCC7BA00FD3874 = {
						CreatedOnToolsVersion = 9.3.1;
					};
				};
			};
			buildConfigurationList = 53CCEDE620BCC7BA00FD3874 /* Build configuration list for PBXProject "Todoey" */;
			compatibilityVersion = "Xcode 9.3";
			developmentRegion = en;
			hasScannedForEncodings = 0;
			knownRegions = (
				en,
				Base,
			);
			mainGroup = 53CCEDE220BCC7BA00FD3874;
			productRefGroup = 53CCEDEC20BCC7BA00FD3874 /* Products */;
			projectDirPath = "";
			projectRoot = "";
			targets = (
				53CCEDEA20BCC7BA00FD3874 /* Todoey */,
			);
		};
/* End PBXProject section */

/* Begin PBXResourcesBuildPhase section */
		53CCEDE920BCC7BA00FD3874 /* Resources */ = {
			isa = PBXResourcesBuildPhase;
			buildActionMask = 2147483647;
			files = (
				53CCEE0520BCC82A00FD3874 /* TodoList.storyboard in Resources */,
				53CCEDF920BCC7BB00FD3874 /* LaunchScreen.storyboard in Resources */,
				53CCEDF620BCC7BB00FD3874 /* Assets.xcassets in Resources */,
				53CCEDF420BCC7BA00FD3874 /* Main.storyboard in Resources */,
				53CCEE0F20BCCBA100FD3874 /* TodoItemCell.xib in Resources */,
			);
			runOnlyForDeploymentPostprocessing = 0;
		};
/* End PBXResourcesBuildPhase section */

/* Begin PBXSourcesBuildPhase section */
		53CCEDE720BCC7BA00FD3874 /* Sources */ = {
			isa = PBXSourcesBuildPhase;
			buildActionMask = 2147483647;
			files = (
				531925B920BD140F002B8EBB /* Extensions.swift in Sources */,
				53CCEDEF20BCC7BA00FD3874 /* AppDelegate.swift in Sources */,
				53CCEE0E20BCCBA100FD3874 /* TodoItemCell.swift in Sources */,
				531925B620BCEA8A002B8EBB /* TodoItem.swift in Sources */,
				531925BB20BD2371002B8EBB /* ColorScheme.swift in Sources */,
				53CCEE0720BCC87F00FD3874 /* TodoListController.swift in Sources */,
			);
			runOnlyForDeploymentPostprocessing = 0;
		};
/* End PBXSourcesBuildPhase section */

/* Begin PBXVariantGroup section */
		53CCEDF220BCC7BA00FD3874 /* Main.storyboard */ = {
			isa = PBXVariantGroup;
			children = (
				53CCEDF320BCC7BA00FD3874 /* Base */,
			);
			name = Main.storyboard;
			sourceTree = "<group>";
		};
		53CCEDF720BCC7BB00FD3874 /* LaunchScreen.storyboard */ = {
			isa = PBXVariantGroup;
			children = (
				53CCEDF820BCC7BB00FD3874 /* Base */,
			);
			name = LaunchScreen.storyboard;
			sourceTree = "<group>";
		};
/* End PBXVariantGroup section */

/* Begin XCBuildConfiguration section */
		53CCEDFB20BCC7BB00FD3874 /* Debug */ = {
			isa = XCBuildConfiguration;
			buildSettings = {
				ALWAYS_SEARCH_USER_PATHS = NO;
				CLANG_ANALYZER_NONNULL = YES;
				CLANG_ANALYZER_NUMBER_OBJECT_CONVERSION = YES_AGGRESSIVE;
				CLANG_CXX_LANGUAGE_STANDARD = "gnu++14";
				CLANG_CXX_LIBRARY = "libc++";
				CLANG_ENABLE_MODULES = YES;
				CLANG_ENABLE_OBJC_ARC = YES;
				CLANG_ENABLE_OBJC_WEAK = YES;
				CLANG_WARN_BLOCK_CAPTURE_AUTORELEASING = YES;
				CLANG_WARN_BOOL_CONVERSION = YES;
				CLANG_WARN_COMMA = YES;
				CLANG_WARN_CONSTANT_CONVERSION = YES;
				CLANG_WARN_DEPRECATED_OBJC_IMPLEMENTATIONS = YES;
				CLANG_WARN_DIRECT_OBJC_ISA_USAGE = YES_ERROR;
				CLANG_WARN_DOCUMENTATION_COMMENTS = YES;
				CLANG_WARN_EMPTY_BODY = YES;
				CLANG_WARN_ENUM_CONVERSION = YES;
				CLANG_WARN_INFINITE_RECURSION = YES;
				CLANG_WARN_INT_CONVERSION = YES;
				CLANG_WARN_NON_LITERAL_NULL_CONVERSION = YES;
				CLANG_WARN_OBJC_IMPLICIT_RETAIN_SELF = YES;
				CLANG_WARN_OBJC_LITERAL_CONVERSION = YES;
				CLANG_WARN_OBJC_ROOT_CLASS = YES_ERROR;
				CLANG_WARN_RANGE_LOOP_ANALYSIS = YES;
				CLANG_WARN_STRICT_PROTOTYPES = YES;
				CLANG_WARN_SUSPICIOUS_MOVE = YES;
				CLANG_WARN_UNGUARDED_AVAILABILITY = YES_AGGRESSIVE;
				CLANG_WARN_UNREACHABLE_CODE = YES;
				CLANG_WARN__DUPLICATE_METHOD_MATCH = YES;
				CODE_SIGN_IDENTITY = "iPhone Developer";
				COPY_PHASE_STRIP = NO;
				DEBUG_INFORMATION_FORMAT = dwarf;
				ENABLE_STRICT_OBJC_MSGSEND = YES;
				ENABLE_TESTABILITY = YES;
				GCC_C_LANGUAGE_STANDARD = gnu11;
				GCC_DYNAMIC_NO_PIC = NO;
				GCC_NO_COMMON_BLOCKS = YES;
				GCC_OPTIMIZATION_LEVEL = 0;
				GCC_PREPROCESSOR_DEFINITIONS = (
					"DEBUG=1",
					"$(inherited)",
				);
				GCC_WARN_64_TO_32_BIT_CONVERSION = YES;
				GCC_WARN_ABOUT_RETURN_TYPE = YES_ERROR;
				GCC_WARN_UNDECLARED_SELECTOR = YES;
				GCC_WARN_UNINITIALIZED_AUTOS = YES_AGGRESSIVE;
				GCC_WARN_UNUSED_FUNCTION = YES;
				GCC_WARN_UNUSED_VARIABLE = YES;
				IPHONEOS_DEPLOYMENT_TARGET = 11.3;
				MTL_ENABLE_DEBUG_INFO = YES;
				ONLY_ACTIVE_ARCH = YES;
				SDKROOT = iphoneos;
				SWIFT_ACTIVE_COMPILATION_CONDITIONS = DEBUG;
				SWIFT_OPTIMIZATION_LEVEL = "-Onone";
			};
			name = Debug;
		};
		53CCEDFC20BCC7BB00FD3874 /* Release */ = {
			isa = XCBuildConfiguration;
			buildSettings = {
				ALWAYS_SEARCH_USER_PATHS = NO;
				CLANG_ANALYZER_NONNULL = YES;
				CLANG_ANALYZER_NUMBER_OBJECT_CONVERSION = YES_AGGRESSIVE;
				CLANG_CXX_LANGUAGE_STANDARD = "gnu++14";
				CLANG_CXX_LIBRARY = "libc++";
				CLANG_ENABLE_MODULES = YES;
				CLANG_ENABLE_OBJC_ARC = YES;
				CLANG_ENABLE_OBJC_WEAK = YES;
				CLANG_WARN_BLOCK_CAPTURE_AUTORELEASING = YES;
				CLANG_WARN_BOOL_CONVERSION = YES;
				CLANG_WARN_COMMA = YES;
				CLANG_WARN_CONSTANT_CONVERSION = YES;
				CLANG_WARN_DEPRECATED_OBJC_IMPLEMENTATIONS = YES;
				CLANG_WARN_DIRECT_OBJC_ISA_USAGE = YES_ERROR;
				CLANG_WARN_DOCUMENTATION_COMMENTS = YES;
				CLANG_WARN_EMPTY_BODY = YES;
				CLANG_WARN_ENUM_CONVERSION = YES;
				CLANG_WARN_INFINITE_RECURSION = YES;
				CLANG_WARN_INT_CONVERSION = YES;
				CLANG_WARN_NON_LITERAL_NULL_CONVERSION = YES;
				CLANG_WARN_OBJC_IMPLICIT_RETAIN_SELF = YES;
				CLANG_WARN_OBJC_LITERAL_CONVERSION = YES;
				CLANG_WARN_OBJC_ROOT_CLASS = YES_ERROR;
				CLANG_WARN_RANGE_LOOP_ANALYSIS = YES;
				CLANG_WARN_STRICT_PROTOTYPES = YES;
				CLANG_WARN_SUSPICIOUS_MOVE = YES;
				CLANG_WARN_UNGUARDED_AVAILABILITY = YES_AGGRESSIVE;
				CLANG_WARN_UNREACHABLE_CODE = YES;
				CLANG_WARN__DUPLICATE_METHOD_MATCH = YES;
				CODE_SIGN_IDENTITY = "iPhone Developer";
				COPY_PHASE_STRIP = NO;
				DEBUG_INFORMATION_FORMAT = "dwarf-with-dsym";
				ENABLE_NS_ASSERTIONS = NO;
				ENABLE_STRICT_OBJC_MSGSEND = YES;
				GCC_C_LANGUAGE_STANDARD = gnu11;
				GCC_NO_COMMON_BLOCKS = YES;
				GCC_WARN_64_TO_32_BIT_CONVERSION = YES;
				GCC_WARN_ABOUT_RETURN_TYPE = YES_ERROR;
				GCC_WARN_UNDECLARED_SELECTOR = YES;
				GCC_WARN_UNINITIALIZED_AUTOS = YES_AGGRESSIVE;
				GCC_WARN_UNUSED_FUNCTION = YES;
				GCC_WARN_UNUSED_VARIABLE = YES;
				IPHONEOS_DEPLOYMENT_TARGET = 11.3;
				MTL_ENABLE_DEBUG_INFO = NO;
				SDKROOT = iphoneos;
				SWIFT_COMPILATION_MODE = wholemodule;
				SWIFT_OPTIMIZATION_LEVEL = "-O";
				VALIDATE_PRODUCT = YES;
			};
			name = Release;
		};
		53CCEDFE20BCC7BB00FD3874 /* Debug */ = {
			isa = XCBuildConfiguration;
			buildSettings = {
				ASSETCATALOG_COMPILER_APPICON_NAME = AppIcon;
				CODE_SIGN_STYLE = Automatic;
				DEVELOPMENT_TEAM = WSR8557KHP;
				INFOPLIST_FILE = Todoey/Info.plist;
				LD_RUNPATH_SEARCH_PATHS = (
					"$(inherited)",
					"@executable_path/Frameworks",
				);
				PRODUCT_BUNDLE_IDENTIFIER = com.andavazgar.Todoey;
				PRODUCT_NAME = "$(TARGET_NAME)";
				SWIFT_VERSION = 4.0;
				TARGETED_DEVICE_FAMILY = "1,2";
			};
			name = Debug;
		};
		53CCEDFF20BCC7BB00FD3874 /* Release */ = {
			isa = XCBuildConfiguration;
			buildSettings = {
				ASSETCATALOG_COMPILER_APPICON_NAME = AppIcon;
				CODE_SIGN_STYLE = Automatic;
				DEVELOPMENT_TEAM = WSR8557KHP;
				INFOPLIST_FILE = Todoey/Info.plist;
				LD_RUNPATH_SEARCH_PATHS = (
					"$(inherited)",
					"@executable_path/Frameworks",
				);
				PRODUCT_BUNDLE_IDENTIFIER = com.andavazgar.Todoey;
				PRODUCT_NAME = "$(TARGET_NAME)";
				SWIFT_VERSION = 4.0;
				TARGETED_DEVICE_FAMILY = "1,2";
			};
			name = Release;
		};
/* End XCBuildConfiguration section */

/* Begin XCConfigurationList section */
		53CCEDE620BCC7BA00FD3874 /* Build configuration list for PBXProject "Todoey" */ = {
			isa = XCConfigurationList;
			buildConfigurations = (
				53CCEDFB20BCC7BB00FD3874 /* Debug */,
				53CCEDFC20BCC7BB00FD3874 /* Release */,
			);
			defaultConfigurationIsVisible = 0;
			defaultConfigurationName = Release;
		};
		53CCEDFD20BCC7BB00FD3874 /* Build configuration list for PBXNativeTarget "Todoey" */ = {
			isa = XCConfigurationList;
			buildConfigurations = (
				53CCEDFE20BCC7BB00FD3874 /* Debug */,
				53CCEDFF20BCC7BB00FD3874 /* Release */,
			);
			defaultConfigurationIsVisible = 0;
			defaultConfigurationName = Release;
		};
/* End XCConfigurationList section */
	};
	rootObject = 53CCEDE320BCC7BA00FD3874 /* Project object */;
}
